
Microsoft Visual Studio Solution File, Format Version 12.00
# Visual Studio Version 17
VisualStudioVersion = 17.10.35122.118
MinimumVisualStudioVersion = 10.0.40219.1
Project("{9A19103F-16F7-4668-BE54-9A1E7A4F7556}") = "Radore_OOP", "Radore_OOP\Radore_OOP.csproj", "{615774D8-F204-46FE-828D-80C7F004D230}"
EndProject
Project("{9A19103F-16F7-4668-BE54-9A1E7A4F7556}") = "OdemeForm", "OdemeForm\OdemeForm.csproj", "{48D916FB-417B-48E0-8A2F-F2A17907FAB3}"
EndProject
Project("{9A19103F-16F7-4668-BE54-9A1E7A4F7556}") = "RadoreClassLibrary", "RadoreClassLibrary\RadoreClassLibrary.csproj", "{4B6ADFD5-DA4C-4413-A8FE-63B3AC31AA01}"
EndProject
Project("{9A19103F-16F7-4668-BE54-9A1E7A4F7556}") = "AttributeRadoreOrnek", "AttributeRadoreOrnek\AttributeRadoreOrnek.csproj", "{A0C11F74-2AAF-49EE-8731-B27B72C25898}"
EndProject
Project("{9A19103F-16F7-4668-BE54-9A1E7A4F7556}") = "SerializationRadoreOrnek", "SerializationRadoreOrnek\SerializationRadoreOrnek.csproj", "{37D389A2-CD0F-4E91-921B-C3E313175871}"
EndProject
Project("{9A19103F-16F7-4668-BE54-9A1E7A4F7556}") = "CodeFirstRadoreOrnek", "CodeFirstRadoreOrnek\CodeFirstRadoreOrnek.csproj", "{09358921-1319-4A0E-BD53-F5232B7023DB}"
EndProject
Project("{FAE04EC0-301F-11D3-BF4B-00C04F79EFBC}") = "MvcRadoreOrnek", "MvcRadoreOrnek\MvcRadoreOrnek.csproj", "{B4E8D040-AD03-46EE-BDC7-96F5F2233FDD}"
EndProject
Global
	GlobalSection(SolutionConfigurationPlatforms) = preSolution
		Debug|Any CPU = Debug|Any CPU
		Release|Any CPU = Release|Any CPU
	EndGlobalSection
	GlobalSection(ProjectConfigurationPlatforms) = postSolution
		{615774D8-F204-46FE-828D-80C7F004D230}.Debug|Any CPU.ActiveCfg = Debug|Any CPU
		{615774D8-F204-46FE-828D-80C7F004D230}.Debug|Any CPU.Build.0 = Debug|Any CPU
		{615774D8-F204-46FE-828D-80C7F004D230}.Release|Any CPU.ActiveCfg = Release|Any CPU
		{615774D8-F204-46FE-828D-80C7F004D230}.Release|Any CPU.Build.0 = Release|Any CPU
		{48D916FB-417B-48E0-8A2F-F2A17907FAB3}.Debug|Any CPU.ActiveCfg = Debug|Any CPU
		{48D916FB-417B-48E0-8A2F-F2A17907FAB3}.Debug|Any CPU.Build.0 = Debug|Any CPU
		{48D916FB-417B-48E0-8A2F-F2A17907FAB3}.Release|Any CPU.ActiveCfg = Release|Any CPU
		{48D916FB-417B-48E0-8A2F-F2A17907FAB3}.Release|Any CPU.Build.0 = Release|Any CPU
		{4B6ADFD5-DA4C-4413-A8FE-63B3AC31AA01}.Debug|Any CPU.ActiveCfg = Debug|Any CPU
		{4B6ADFD5-DA4C-4413-A8FE-63B3AC31AA01}.Debug|Any CPU.Build.0 = Debug|Any CPU
		{4B6ADFD5-DA4C-4413-A8FE-63B3AC31AA01}.Release|Any CPU.ActiveCfg = Release|Any CPU
		{4B6ADFD5-DA4C-4413-A8FE-63B3AC31AA01}.Release|Any CPU.Build.0 = Release|Any CPU
		{A0C11F74-2AAF-49EE-8731-B27B72C25898}.Debug|Any CPU.ActiveCfg = Debug|Any CPU
		{A0C11F74-2AAF-49EE-8731-B27B72C25898}.Debug|Any CPU.Build.0 = Debug|Any CPU
		{A0C11F74-2AAF-49EE-8731-B27B72C25898}.Release|Any CPU.ActiveCfg = Release|Any CPU
		{A0C11F74-2AAF-49EE-8731-B27B72C25898}.Release|Any CPU.Build.0 = Release|Any CPU
		{37D389A2-CD0F-4E91-921B-C3E313175871}.Debug|Any CPU.ActiveCfg = Debug|Any CPU
		{37D389A2-CD0F-4E91-921B-C3E313175871}.Debug|Any CPU.Build.0 = Debug|Any CPU
		{37D389A2-CD0F-4E91-921B-C3E313175871}.Release|Any CPU.ActiveCfg = Release|Any CPU
		{37D389A2-CD0F-4E91-921B-C3E313175871}.Release|Any CPU.Build.0 = Release|Any CPU
		{09358921-1319-4A0E-BD53-F5232B7023DB}.Debug|Any CPU.ActiveCfg = Debug|Any CPU
		{09358921-1319-4A0E-BD53-F5232B7023DB}.Debug|Any CPU.Build.0 = Debug|Any CPU
		{09358921-1319-4A0E-BD53-F5232B7023DB}.Release|Any CPU.ActiveCfg = Release|Any CPU
		{09358921-1319-4A0E-BD53-F5232B7023DB}.Release|Any CPU.Build.0 = Release|Any CPU
		{B4E8D040-AD03-46EE-BDC7-96F5F2233FDD}.Debug|Any CPU.ActiveCfg = Debug|Any CPU
		{B4E8D040-AD03-46EE-BDC7-96F5F2233FDD}.Debug|Any CPU.Build.0 = Debug|Any CPU
		{B4E8D040-AD03-46EE-BDC7-96F5F2233FDD}.Release|Any CPU.ActiveCfg = Release|Any CPU
		{B4E8D040-AD03-46EE-BDC7-96F5F2233FDD}.Release|Any CPU.Build.0 = Release|Any CPU
	EndGlobalSection
	GlobalSection(SolutionProperties) = preSolution
		HideSolutionNode = FALSE
	EndGlobalSection
	GlobalSection(ExtensibilityGlobals) = postSolution
		SolutionGuid = {07359B57-DF91-4830-8CB3-8ADAEA0FD8AE}
	EndGlobalSection
EndGlobal
